
Microsoft Visual Studio Solution File, Format Version 12.00
# Visual Studio 15
VisualStudioVersion = 15.0.27428.2015
MinimumVisualStudioVersion = 10.0.40219.1
Project("{FAE04EC0-301F-11D3-BF4B-00C04F79EFBC}") = "bai2-2", "bai2-2\bai2-2.csproj", "{76D79B89-2487-42A8-AC12-F0B7B83070F4}"
EndProject
Global
	GlobalSection(SolutionConfigurationPlatforms) = preSolution
		Debug|Any CPU = Debug|Any CPU
		Release|Any CPU = Release|Any CPU
	EndGlobalSection
	GlobalSection(ProjectConfigurationPlatforms) = postSolution
		{76D79B89-2487-42A8-AC12-F0B7B83070F4}.Debug|Any CPU.ActiveCfg = Debug|Any CPU
		{76D79B89-2487-42A8-AC12-F0B7B83070F4}.Debug|Any CPU.Build.0 = Debug|Any CPU
		{76D79B89-2487-42A8-AC12-F0B7B83070F4}.Release|Any CPU.ActiveCfg = Release|Any CPU
		{76D79B89-2487-42A8-AC12-F0B7B83070F4}.Release|Any CPU.Build.0 = Release|Any CPU
	EndGlobalSection
	GlobalSection(SolutionProperties) = preSolution
		HideSolutionNode = FALSE
	EndGlobalSection
	GlobalSection(ExtensibilityGlobals) = postSolution
		SolutionGuid = {C7199C29-3CCF-436B-AA6B-187C2D92769F}
	EndGlobalSection
EndGlobal
